
Microsoft Visual Studio Solution File, Format Version 12.00
# Visual Studio Version 17
VisualStudioVersion = 17.3.32819.101
MinimumVisualStudioVersion = 10.0.40219.1
Project("{9A19103F-16F7-4668-BE54-9A1E7A4F7556}") = "SimpleLocationWeb", "SimpleLocationWeb\SimpleLocationWeb.csproj", "{11DC8CCD-0AD2-4D7F-A618-897503B77B98}"
EndProject
Project("{9A19103F-16F7-4668-BE54-9A1E7A4F7556}") = "SimpleLocation.DataAccess", "SimpleLocationDataAccess\SimpleLocation.DataAccess.csproj", "{C98078FA-D9C9-49CD-B67F-5BD604BEECE1}"
EndProject
Project("{9A19103F-16F7-4668-BE54-9A1E7A4F7556}") = "SimpleLocation.Models", "SimpleLocation.Models\SimpleLocation.Models.csproj", "{211B17B9-1F74-4DEF-8E36-31C991EADA2E}"
EndProject
Project("{9A19103F-16F7-4668-BE54-9A1E7A4F7556}") = "SimpleLocation.Utility", "SimpleLocation.Utility\SimpleLocation.Utility.csproj", "{FC07114A-838C-46A8-8480-EB8EEBB629D1}"
EndProject
Global
	GlobalSection(SolutionConfigurationPlatforms) = preSolution
		Debug|Any CPU = Debug|Any CPU
		Release|Any CPU = Release|Any CPU
	EndGlobalSection
	GlobalSection(ProjectConfigurationPlatforms) = postSolution
		{11DC8CCD-0AD2-4D7F-A618-897503B77B98}.Debug|Any CPU.ActiveCfg = Debug|Any CPU
		{11DC8CCD-0AD2-4D7F-A618-897503B77B98}.Debug|Any CPU.Build.0 = Debug|Any CPU
		{11DC8CCD-0AD2-4D7F-A618-897503B77B98}.Release|Any CPU.ActiveCfg = Release|Any CPU
		{11DC8CCD-0AD2-4D7F-A618-897503B77B98}.Release|Any CPU.Build.0 = Release|Any CPU
		{C98078FA-D9C9-49CD-B67F-5BD604BEECE1}.Debug|Any CPU.ActiveCfg = Debug|Any CPU
		{C98078FA-D9C9-49CD-B67F-5BD604BEECE1}.Debug|Any CPU.Build.0 = Debug|Any CPU
		{C98078FA-D9C9-49CD-B67F-5BD604BEECE1}.Release|Any CPU.ActiveCfg = Release|Any CPU
		{C98078FA-D9C9-49CD-B67F-5BD604BEECE1}.Release|Any CPU.Build.0 = Release|Any CPU
		{211B17B9-1F74-4DEF-8E36-31C991EADA2E}.Debug|Any CPU.ActiveCfg = Debug|Any CPU
		{211B17B9-1F74-4DEF-8E36-31C991EADA2E}.Debug|Any CPU.Build.0 = Debug|Any CPU
		{211B17B9-1F74-4DEF-8E36-31C991EADA2E}.Release|Any CPU.ActiveCfg = Release|Any CPU
		{211B17B9-1F74-4DEF-8E36-31C991EADA2E}.Release|Any CPU.Build.0 = Release|Any CPU
		{FC07114A-838C-46A8-8480-EB8EEBB629D1}.Debug|Any CPU.ActiveCfg = Debug|Any CPU
		{FC07114A-838C-46A8-8480-EB8EEBB629D1}.Debug|Any CPU.Build.0 = Debug|Any CPU
		{FC07114A-838C-46A8-8480-EB8EEBB629D1}.Release|Any CPU.ActiveCfg = Release|Any CPU
		{FC07114A-838C-46A8-8480-EB8EEBB629D1}.Release|Any CPU.Build.0 = Release|Any CPU
	EndGlobalSection
	GlobalSection(SolutionProperties) = preSolution
		HideSolutionNode = FALSE
	EndGlobalSection
	GlobalSection(ExtensibilityGlobals) = postSolution
		SolutionGuid = {68F19A20-9102-42C8-89EE-F8EC6064454B}
	EndGlobalSection
EndGlobal
